
Microsoft Visual Studio Solution File, Format Version 12.00
# Visual Studio Version 17
VisualStudioVersion = 17.3.32819.101
MinimumVisualStudioVersion = 10.0.40219.1
Project("{FAE04EC0-301F-11D3-BF4B-00C04F79EFBC}") = "ZASG II", "ZASG II\ZASG II.csproj", "{808DF535-D276-4638-8E45-A41BFC57F14B}"
EndProject
Global
	GlobalSection(SolutionConfigurationPlatforms) = preSolution
		Debug|Any CPU = Debug|Any CPU
		Release|Any CPU = Release|Any CPU
	EndGlobalSection
	GlobalSection(ProjectConfigurationPlatforms) = postSolution
		{808DF535-D276-4638-8E45-A41BFC57F14B}.Debug|Any CPU.ActiveCfg = Debug|Any CPU
		{808DF535-D276-4638-8E45-A41BFC57F14B}.Debug|Any CPU.Build.0 = Debug|Any CPU
		{808DF535-D276-4638-8E45-A41BFC57F14B}.Release|Any CPU.ActiveCfg = Release|Any CPU
		{808DF535-D276-4638-8E45-A41BFC57F14B}.Release|Any CPU.Build.0 = Release|Any CPU
	EndGlobalSection
	GlobalSection(SolutionProperties) = preSolution
		HideSolutionNode = FALSE
	EndGlobalSection
	GlobalSection(ExtensibilityGlobals) = postSolution
		SolutionGuid = {CF6D4641-635E-460E-BD82-530278B8426F}
	EndGlobalSection
EndGlobal
